
Microsoft Visual Studio Solution File, Format Version 12.00
# Visual Studio Version 17
VisualStudioVersion = 17.3.32825.248
MinimumVisualStudioVersion = 10.0.40219.1
Project("{9A19103F-16F7-4668-BE54-9A1E7A4F7556}") = "CarLbrary", "CarLbrary\CarLbrary.csproj", "{4C0CAA0D-5FBC-431F-B654-D4F061CBFF64}"
EndProject
Project("{9A19103F-16F7-4668-BE54-9A1E7A4F7556}") = "CarLbraryTests", "CarLbraryTests\CarLbraryTests.csproj", "{F2A25FCE-39B5-4756-99EB-273A165256CD}"
EndProject
Project("{9A19103F-16F7-4668-BE54-9A1E7A4F7556}") = "MCLibrary", "MSLibrary\MCLibrary.csproj", "{8EBEB6D7-D448-417D-9DA4-4BDFEA331DC9}"
EndProject
Project("{9A19103F-16F7-4668-BE54-9A1E7A4F7556}") = "MCLibraryTests2", "MCLibraryTests2\MCLibraryTests2.csproj", "{DE596AF9-A2CE-4560-8673-8720406E4B58}"
EndProject
Project("{9A19103F-16F7-4668-BE54-9A1E7A4F7556}") = "StoreBaeltTicketLibrary", "StoreBaeltTicketLibraryTests\StoreBaeltTicketLibrary.csproj", "{405D5BB7-C665-4C15-88A1-B3344BD1A992}"
EndProject
Project("{9A19103F-16F7-4668-BE54-9A1E7A4F7556}") = "OresundsBroenibrary", "OresundsBroenibrary\OresundsBroenibrary.csproj", "{483077F4-29EA-40CF-80C6-2D6920985D97}"
EndProject
Project("{9A19103F-16F7-4668-BE54-9A1E7A4F7556}") = "OresundsBroenibraryTests", "OresundsBroenibraryTests\OresundsBroenibraryTests.csproj", "{D4B9DF02-DE7C-4D80-BE79-8344A26873E9}"
EndProject
Project("{9A19103F-16F7-4668-BE54-9A1E7A4F7556}") = "StoreBeltBroen", "StoreBeltBroen\StoreBeltBroen.csproj", "{9DDBF1EE-C812-4D09-B3D1-7100B77127A8}"
EndProject
Project("{FAE04EC0-301F-11D3-BF4B-00C04F79EFBC}") = "StoreBeltBroenTests", "StoreBeltBroenTests\StoreBeltBroenTests.csproj", "{A67734C6-ACC7-4870-AB14-6B6E4ADAC80F}"
EndProject
Project("{FAE04EC0-301F-11D3-BF4B-00C04F79EFBC}") = "RESTServiceStorebealtsbroen", "RESTServiceStorebealtsbroen\RESTServiceStorebealtsbroen.csproj", "{6A66D2C6-E85F-4B3F-B289-DE92B1E33B4A}"
EndProject
Global
	GlobalSection(SolutionConfigurationPlatforms) = preSolution
		Debug|Any CPU = Debug|Any CPU
		Release|Any CPU = Release|Any CPU
	EndGlobalSection
	GlobalSection(ProjectConfigurationPlatforms) = postSolution
		{4C0CAA0D-5FBC-431F-B654-D4F061CBFF64}.Debug|Any CPU.ActiveCfg = Debug|Any CPU
		{4C0CAA0D-5FBC-431F-B654-D4F061CBFF64}.Debug|Any CPU.Build.0 = Debug|Any CPU
		{4C0CAA0D-5FBC-431F-B654-D4F061CBFF64}.Release|Any CPU.ActiveCfg = Release|Any CPU
		{4C0CAA0D-5FBC-431F-B654-D4F061CBFF64}.Release|Any CPU.Build.0 = Release|Any CPU
		{F2A25FCE-39B5-4756-99EB-273A165256CD}.Debug|Any CPU.ActiveCfg = Debug|Any CPU
		{F2A25FCE-39B5-4756-99EB-273A165256CD}.Debug|Any CPU.Build.0 = Debug|Any CPU
		{F2A25FCE-39B5-4756-99EB-273A165256CD}.Release|Any CPU.ActiveCfg = Release|Any CPU
		{F2A25FCE-39B5-4756-99EB-273A165256CD}.Release|Any CPU.Build.0 = Release|Any CPU
		{8EBEB6D7-D448-417D-9DA4-4BDFEA331DC9}.Debug|Any CPU.ActiveCfg = Debug|Any CPU
		{8EBEB6D7-D448-417D-9DA4-4BDFEA331DC9}.Debug|Any CPU.Build.0 = Debug|Any CPU
		{8EBEB6D7-D448-417D-9DA4-4BDFEA331DC9}.Release|Any CPU.ActiveCfg = Release|Any CPU
		{8EBEB6D7-D448-417D-9DA4-4BDFEA331DC9}.Release|Any CPU.Build.0 = Release|Any CPU
		{DE596AF9-A2CE-4560-8673-8720406E4B58}.Debug|Any CPU.ActiveCfg = Debug|Any CPU
		{DE596AF9-A2CE-4560-8673-8720406E4B58}.Debug|Any CPU.Build.0 = Debug|Any CPU
		{DE596AF9-A2CE-4560-8673-8720406E4B58}.Release|Any CPU.ActiveCfg = Release|Any CPU
		{DE596AF9-A2CE-4560-8673-8720406E4B58}.Release|Any CPU.Build.0 = Release|Any CPU
		{405D5BB7-C665-4C15-88A1-B3344BD1A992}.Debug|Any CPU.ActiveCfg = Debug|Any CPU
		{405D5BB7-C665-4C15-88A1-B3344BD1A992}.Debug|Any CPU.Build.0 = Debug|Any CPU
		{405D5BB7-C665-4C15-88A1-B3344BD1A992}.Release|Any CPU.ActiveCfg = Release|Any CPU
		{405D5BB7-C665-4C15-88A1-B3344BD1A992}.Release|Any CPU.Build.0 = Release|Any CPU
		{483077F4-29EA-40CF-80C6-2D6920985D97}.Debug|Any CPU.ActiveCfg = Debug|Any CPU
		{483077F4-29EA-40CF-80C6-2D6920985D97}.Debug|Any CPU.Build.0 = Debug|Any CPU
		{483077F4-29EA-40CF-80C6-2D6920985D97}.Release|Any CPU.ActiveCfg = Release|Any CPU
		{483077F4-29EA-40CF-80C6-2D6920985D97}.Release|Any CPU.Build.0 = Release|Any CPU
		{D4B9DF02-DE7C-4D80-BE79-8344A26873E9}.Debug|Any CPU.ActiveCfg = Debug|Any CPU
		{D4B9DF02-DE7C-4D80-BE79-8344A26873E9}.Debug|Any CPU.Build.0 = Debug|Any CPU
		{D4B9DF02-DE7C-4D80-BE79-8344A26873E9}.Release|Any CPU.ActiveCfg = Release|Any CPU
		{D4B9DF02-DE7C-4D80-BE79-8344A26873E9}.Release|Any CPU.Build.0 = Release|Any CPU
		{9DDBF1EE-C812-4D09-B3D1-7100B77127A8}.Debug|Any CPU.ActiveCfg = Debug|Any CPU
		{9DDBF1EE-C812-4D09-B3D1-7100B77127A8}.Debug|Any CPU.Build.0 = Debug|Any CPU
		{9DDBF1EE-C812-4D09-B3D1-7100B77127A8}.Release|Any CPU.ActiveCfg = Release|Any CPU
		{9DDBF1EE-C812-4D09-B3D1-7100B77127A8}.Release|Any CPU.Build.0 = Release|Any CPU
		{A67734C6-ACC7-4870-AB14-6B6E4ADAC80F}.Debug|Any CPU.ActiveCfg = Debug|Any CPU
		{A67734C6-ACC7-4870-AB14-6B6E4ADAC80F}.Debug|Any CPU.Build.0 = Debug|Any CPU
		{A67734C6-ACC7-4870-AB14-6B6E4ADAC80F}.Release|Any CPU.ActiveCfg = Release|Any CPU
		{A67734C6-ACC7-4870-AB14-6B6E4ADAC80F}.Release|Any CPU.Build.0 = Release|Any CPU
		{6A66D2C6-E85F-4B3F-B289-DE92B1E33B4A}.Debug|Any CPU.ActiveCfg = Debug|Any CPU
		{6A66D2C6-E85F-4B3F-B289-DE92B1E33B4A}.Debug|Any CPU.Build.0 = Debug|Any CPU
		{6A66D2C6-E85F-4B3F-B289-DE92B1E33B4A}.Release|Any CPU.ActiveCfg = Release|Any CPU
		{6A66D2C6-E85F-4B3F-B289-DE92B1E33B4A}.Release|Any CPU.Build.0 = Release|Any CPU
	EndGlobalSection
	GlobalSection(SolutionProperties) = preSolution
		HideSolutionNode = FALSE
	EndGlobalSection
	GlobalSection(ExtensibilityGlobals) = postSolution
		SolutionGuid = {D481B0C4-8E34-4C0B-83C1-D88BDEDCDEFF}
	EndGlobalSection
EndGlobal
